
Microsoft Visual Studio Solution File, Format Version 12.00
# Visual Studio Version 16
VisualStudioVersion = 16.0.32802.440
MinimumVisualStudioVersion = 10.0.40219.1
Project("{FAE04EC0-301F-11D3-BF4B-00C04F79EFBC}") = "Request", "Request.csproj", "{51D18D6B-ED62-42BC-A5B3-E1C8DB3BB7E7}"
EndProject
Global
	GlobalSection(SolutionConfigurationPlatforms) = preSolution
		Debug|Any CPU = Debug|Any CPU
		Release|Any CPU = Release|Any CPU
	EndGlobalSection
	GlobalSection(ProjectConfigurationPlatforms) = postSolution
		{51D18D6B-ED62-42BC-A5B3-E1C8DB3BB7E7}.Debug|Any CPU.ActiveCfg = Debug|Any CPU
		{51D18D6B-ED62-42BC-A5B3-E1C8DB3BB7E7}.Debug|Any CPU.Build.0 = Debug|Any CPU
		{51D18D6B-ED62-42BC-A5B3-E1C8DB3BB7E7}.Release|Any CPU.ActiveCfg = Release|Any CPU
		{51D18D6B-ED62-42BC-A5B3-E1C8DB3BB7E7}.Release|Any CPU.Build.0 = Release|Any CPU
	EndGlobalSection
	GlobalSection(SolutionProperties) = preSolution
		HideSolutionNode = FALSE
	EndGlobalSection
	GlobalSection(ExtensibilityGlobals) = postSolution
		SolutionGuid = {631285EF-06F4-40F3-BCEE-09CE90E01353}
	EndGlobalSection
EndGlobal
